
Microsoft Visual Studio Solution File, Format Version 12.00
Project("{FAE04EC0-301F-11D3-BF4B-00C04F79EFBC}") = "MiningInfo.Api", "MiningInfo.Api\MiningInfo.Api.csproj", "{61C6655C-8A75-4E4B-BFF3-D85DD91B77F0}"
EndProject
Project("{2150E333-8FDC-42A3-9474-1A3956D46DE8}") = "ApplicationLayer", "ApplicationLayer", "{4FF2323D-C742-45DF-8E97-4EB54A6CF50C}"
EndProject
Global
	GlobalSection(SolutionConfigurationPlatforms) = preSolution
		Debug|Any CPU = Debug|Any CPU
		Release|Any CPU = Release|Any CPU
	EndGlobalSection
	GlobalSection(ProjectConfigurationPlatforms) = postSolution
		{61C6655C-8A75-4E4B-BFF3-D85DD91B77F0}.Debug|Any CPU.ActiveCfg = Debug|Any CPU
		{61C6655C-8A75-4E4B-BFF3-D85DD91B77F0}.Debug|Any CPU.Build.0 = Debug|Any CPU
		{61C6655C-8A75-4E4B-BFF3-D85DD91B77F0}.Release|Any CPU.ActiveCfg = Release|Any CPU
		{61C6655C-8A75-4E4B-BFF3-D85DD91B77F0}.Release|Any CPU.Build.0 = Release|Any CPU
	EndGlobalSection
	GlobalSection(NestedProjects) = preSolution
		{61C6655C-8A75-4E4B-BFF3-D85DD91B77F0} = {4FF2323D-C742-45DF-8E97-4EB54A6CF50C}
	EndGlobalSection
EndGlobal
